
Microsoft Visual Studio Solution File, Format Version 11.00
# Visual Studio 2010
Project("{FAE04EC0-301F-11D3-BF4B-00C04F79EFBC}") = "PostSharp.NotifyPropertyChanged", "source\PostSharp.NotifyPropertyChanged\PostSharp.NotifyPropertyChanged.csproj", "{8A9AE777-F113-4DFE-A448-3F575E0D5E31}"
EndProject
Project("{FAE04EC0-301F-11D3-BF4B-00C04F79EFBC}") = "PostSharp.NotifyPropertyChanged.Tests", "source\PostSharp.NotifyPropertyChanged.Tests\PostSharp.NotifyPropertyChanged.Tests.csproj", "{B973FF7B-8322-4047-9639-BDB309F23F01}"
EndProject
Global
	GlobalSection(SolutionConfigurationPlatforms) = preSolution
		Debug|Any CPU = Debug|Any CPU
		Release|Any CPU = Release|Any CPU
	EndGlobalSection
	GlobalSection(ProjectConfigurationPlatforms) = postSolution
		{8A9AE777-F113-4DFE-A448-3F575E0D5E31}.Debug|Any CPU.ActiveCfg = Debug|Any CPU
		{8A9AE777-F113-4DFE-A448-3F575E0D5E31}.Debug|Any CPU.Build.0 = Debug|Any CPU
		{8A9AE777-F113-4DFE-A448-3F575E0D5E31}.Release|Any CPU.ActiveCfg = Release|Any CPU
		{8A9AE777-F113-4DFE-A448-3F575E0D5E31}.Release|Any CPU.Build.0 = Release|Any CPU
		{B973FF7B-8322-4047-9639-BDB309F23F01}.Debug|Any CPU.ActiveCfg = Debug|Any CPU
		{B973FF7B-8322-4047-9639-BDB309F23F01}.Debug|Any CPU.Build.0 = Debug|Any CPU
		{B973FF7B-8322-4047-9639-BDB309F23F01}.Release|Any CPU.ActiveCfg = Release|Any CPU
		{B973FF7B-8322-4047-9639-BDB309F23F01}.Release|Any CPU.Build.0 = Release|Any CPU
	EndGlobalSection
	GlobalSection(SolutionProperties) = preSolution
		HideSolutionNode = FALSE
	EndGlobalSection
EndGlobal
